
Microsoft Visual Studio Solution File, Format Version 12.00
# Visual Studio Version 16
VisualStudioVersion = 16.0.32929.386
MinimumVisualStudioVersion = 10.0.40219.1
Project("{FAE04EC0-301F-11D3-BF4B-00C04F79EFBC}") = "Tetris", "Tetris\Tetris.csproj", "{BCCBEFDD-C8BE-482F-A356-2D24927567C5}"
EndProject
Global
	GlobalSection(SolutionConfigurationPlatforms) = preSolution
		Debug|Any CPU = Debug|Any CPU
		Release|Any CPU = Release|Any CPU
	EndGlobalSection
	GlobalSection(ProjectConfigurationPlatforms) = postSolution
		{BCCBEFDD-C8BE-482F-A356-2D24927567C5}.Debug|Any CPU.ActiveCfg = Debug|Any CPU
		{BCCBEFDD-C8BE-482F-A356-2D24927567C5}.Debug|Any CPU.Build.0 = Debug|Any CPU
		{BCCBEFDD-C8BE-482F-A356-2D24927567C5}.Release|Any CPU.ActiveCfg = Release|Any CPU
		{BCCBEFDD-C8BE-482F-A356-2D24927567C5}.Release|Any CPU.Build.0 = Release|Any CPU
	EndGlobalSection
	GlobalSection(SolutionProperties) = preSolution
		HideSolutionNode = FALSE
	EndGlobalSection
	GlobalSection(ExtensibilityGlobals) = postSolution
		SolutionGuid = {46BE521E-0A59-4EC7-A96F-C3C5333DAFBE}
	EndGlobalSection
EndGlobal
